// !$*UTF8*$!
{
	archiveVersion = 1;
	classes = {
	};
	objectVersion = 46;
	objects = {

/* Begin PBXBuildFile section */
		240AF8E71CA01B16008C1802 /* AppDelegate.swift in Sources */ = {isa = PBXBuildFile; fileRef = 240AF8E61CA01B16008C1802 /* AppDelegate.swift */; };
		240AF8E91CA01B16008C1802 /* ViewController.swift in Sources */ = {isa = PBXBuildFile; fileRef = 240AF8E81CA01B16008C1802 /* ViewController.swift */; };
		240AF8EC1CA01B16008C1802 /* Main.storyboard in Resources */ = {isa = PBXBuildFile; fileRef = 240AF8EA1CA01B16008C1802 /* Main.storyboard */; };
		240AF8EE1CA01B16008C1802 /* Assets.xcassets in Resources */ = {isa = PBXBuildFile; fileRef = 240AF8ED1CA01B16008C1802 /* Assets.xcassets */; };
		240AF8F11CA01B16008C1802 /* LaunchScreen.storyboard in Resources */ = {isa = PBXBuildFile; fileRef = 240AF8EF1CA01B16008C1802 /* LaunchScreen.storyboard */; };
		240AF8FC1CA01B16008C1802 /* SuperCoolTests.swift in Sources */ = {isa = PBXBuildFile; fileRef = 240AF8FB1CA01B16008C1802 /* SuperCoolTests.swift */; };
		240AF9071CA01B16008C1802 /* SuperCoolUITests.swift in Sources */ = {isa = PBXBuildFile; fileRef = 240AF9061CA01B16008C1802 /* SuperCoolUITests.swift */; };
/* End PBXBuildFile section */

/* Begin PBXContainerItemProxy section */
		240AF8F81CA01B16008C1802 /* PBXContainerItemProxy */ = {
			isa = PBXContainerItemProxy;
			containerPortal = 240AF8DB1CA01B16008C1802 /* Project object */;
			proxyType = 1;
			remoteGlobalIDString = 240AF8E21CA01B16008C1802;
			remoteInfo = SuperCool;
		};
		240AF9031CA01B16008C1802 /* PBXContainerItemProxy */ = {
			isa = PBXContainerItemProxy;
			containerPortal = 240AF8DB1CA01B16008C1802 /* Project object */;
			proxyType = 1;
			remoteGlobalIDString = 240AF8E21CA01B16008C1802;
			remoteInfo = SuperCool;
		};
/* End PBXContainerItemProxy section */

/* Begin PBXFileReference section */
		240AF8E31CA01B16008C1802 /* SuperCool.app */ = {isa = PBXFileReference; explicitFileType = wrapper.application; includeInIndex = 0; path = SuperCool.app; sourceTree = BUILT_PRODUCTS_DIR; };
		240AF8E61CA01B16008C1802 /* AppDelegate.swift */ = {isa = PBXFileReference; lastKnownFileType = sourcecode.swift; path = AppDelegate.swift; sourceTree = "<group>"; };
		240AF8E81CA01B16008C1802 /* ViewController.swift */ = {isa = PBXFileReference; lastKnownFileType = sourcecode.swift; path = ViewController.swift; sourceTree = "<group>"; };
		240AF8EB1CA01B16008C1802 /* Base */ = {isa = PBXFileReference; lastKnownFileType = file.storyboard; name = Base; path = Base.lproj/Main.storyboard; sourceTree = "<group>"; };
		240AF8ED1CA01B16008C1802 /* Assets.xcassets */ = {isa = PBXFileReference; lastKnownFileType = folder.assetcatalog; path = Assets.xcassets; sourceTree = "<group>"; };
		240AF8F01CA01B16008C1802 /* Base */ = {isa = PBXFileReference; lastKnownFileType = file.storyboard; name = Base; path = Base.lproj/LaunchScreen.storyboard; sourceTree = "<group>"; };
		240AF8F21CA01B16008C1802 /* Info.plist */ = {isa = PBXFileReference; lastKnownFileType = text.plist.xml; path = Info.plist; sourceTree = "<group>"; };
		240AF8F71CA01B16008C1802 /* SuperCoolTests.xctest */ = {isa = PBXFileReference; explicitFileType = wrapper.cfbundle; includeInIndex = 0; path = SuperCoolTests.xctest; sourceTree = BUILT_PRODUCTS_DIR; };
		240AF8FB1CA01B16008C1802 /* SuperCoolTests.swift */ = {isa = PBXFileReference; lastKnownFileType = sourcecode.swift; path = SuperCoolTests.swift; sourceTree = "<group>"; };
		240AF8FD1CA01B16008C1802 /* Info.plist */ = {isa = PBXFileReference; lastKnownFileType = text.plist.xml; path = Info.plist; sourceTree = "<group>"; };
		240AF9021CA01B16008C1802 /* SuperCoolUITests.xctest */ = {isa = PBXFileReference; explicitFileType = wrapper.cfbundle; includeInIndex = 0; path = SuperCoolUITests.xctest; sourceTree = BUILT_PRODUCTS_DIR; };
		240AF9061CA01B16008C1802 /* SuperCoolUITests.swift */ = {isa = PBXFileReference; lastKnownFileType = sourcecode.swift; path = SuperCoolUITests.swift; sourceTree = "<group>"; };
		240AF9081CA01B16008C1802 /* Info.plist */ = {isa = PBXFileReference; lastKnownFileType = text.plist.xml; path = Info.plist; sourceTree = "<group>"; };
/* End PBXFileReference section */

/* Begin PBXFrameworksBuildPhase section */
		240AF8E01CA01B16008C1802 /* Frameworks */ = {
			isa = PBXFrameworksBuildPhase;
			buildActionMask = 2147483647;
			files = (
			);
			runOnlyForDeploymentPostprocessing = 0;
		};
		240AF8F41CA01B16008C1802 /* Frameworks */ = {
			isa = PBXFrameworksBuildPhase;
			buildActionMask = 2147483647;
			files = (
			);
			runOnlyForDeploymentPostprocessing = 0;
		};
		240AF8FF1CA01B16008C1802 /* Frameworks */ = {
			isa = PBXFrameworksBuildPhase;
			buildActionMask = 2147483647;
			files = (
			);
			runOnlyForDeploymentPostprocessing = 0;
		};
/* End PBXFrameworksBuildPhase section */

/* Begin PBXGroup section */
		240AF8DA1CA01B16008C1802 = {
			isa = PBXGroup;
			children = (
				240AF8E51CA01B16008C1802 /* SuperCool */,
				240AF8FA1CA01B16008C1802 /* SuperCoolTests */,
				240AF9051CA01B16008C1802 /* SuperCoolUITests */,
				240AF8E41CA01B16008C1802 /* Products */,
			);
			sourceTree = "<group>";
		};
		240AF8E41CA01B16008C1802 /* Products */ = {
			isa = PBXGroup;
			children = (
				240AF8E31CA01B16008C1802 /* SuperCool.app */,
				240AF8F71CA01B16008C1802 /* SuperCoolTests.xctest */,
				240AF9021CA01B16008C1802 /* SuperCoolUITests.xctest */,
			);
			name = Products;
			sourceTree = "<group>";
		};
		240AF8E51CA01B16008C1802 /* SuperCool */ = {
			isa = PBXGroup;
			children = (
				240AF8E61CA01B16008C1802 /* AppDelegate.swift */,
				240AF8E81CA01B16008C1802 /* ViewController.swift */,
				240AF8EA1CA01B16008C1802 /* Main.storyboard */,
				240AF8ED1CA01B16008C1802 /* Assets.xcassets */,
				240AF8EF1CA01B16008C1802 /* LaunchScreen.storyboard */,
				240AF8F21CA01B16008C1802 /* Info.plist */,
			);
			path = SuperCool;
			sourceTree = "<group>";
		};
		240AF8FA1CA01B16008C1802 /* SuperCoolTests */ = {
			isa = PBXGroup;
			children = (
				240AF8FB1CA01B16008C1802 /* SuperCoolTests.swift */,
				240AF8FD1CA01B16008C1802 /* Info.plist */,
			);
			path = SuperCoolTests;
			sourceTree = "<group>";
		};
		240AF9051CA01B16008C1802 /* SuperCoolUITests */ = {
			isa = PBXGroup;
			children = (
				240AF9061CA01B16008C1802 /* SuperCoolUITests.swift */,
				240AF9081CA01B16008C1802 /* Info.plist */,
			);
			path = SuperCoolUITests;
			sourceTree = "<group>";
		};
/* End PBXGroup section */

/* Begin PBXNativeTarget section */
		240AF8E21CA01B16008C1802 /* SuperCool */ = {
			isa = PBXNativeTarget;
			buildConfigurationList = 240AF90B1CA01B16008C1802 /* Build configuration list for PBXNativeTarget "SuperCool" */;
			buildPhases = (
				240AF8DF1CA01B16008C1802 /* Sources */,
				240AF8E01CA01B16008C1802 /* Frameworks */,
				240AF8E11CA01B16008C1802 /* Resources */,
			);
			buildRules = (
			);
			dependencies = (
			);
			name = SuperCool;
			productName = SuperCool;
			productReference = 240AF8E31CA01B16008C1802 /* SuperCool.app */;
			productType = "com.apple.product-type.application";
		};
		240AF8F61CA01B16008C1802 /* SuperCoolTests */ = {
			isa = PBXNativeTarget;
			buildConfigurationList = 240AF90E1CA01B16008C1802 /* Build configuration list for PBXNativeTarget "SuperCoolTests" */;
			buildPhases = (
				240AF8F31CA01B16008C1802 /* Sources */,
				240AF8F41CA01B16008C1802 /* Frameworks */,
				240AF8F51CA01B16008C1802 /* Resources */,
			);
			buildRules = (
			);
			dependencies = (
				240AF8F91CA01B16008C1802 /* PBXTargetDependency */,
			);
			name = SuperCoolTests;
			productName = SuperCoolTests;
			productReference = 240AF8F71CA01B16008C1802 /* SuperCoolTests.xctest */;
			productType = "com.apple.product-type.bundle.unit-test";
		};
		240AF9011CA01B16008C1802 /* SuperCoolUITests */ = {
			isa = PBXNativeTarget;
			buildConfigurationList = 240AF9111CA01B16008C1802 /* Build configuration list for PBXNativeTarget "SuperCoolUITests" */;
			buildPhases = (
				240AF8FE1CA01B16008C1802 /* Sources */,
				240AF8FF1CA01B16008C1802 /* Frameworks */,
				240AF9001CA01B16008C1802 /* Resources */,
			);
			buildRules = (
			);
			dependencies = (
				240AF9041CA01B16008C1802 /* PBXTargetDependency */,
			);
			name = SuperCoolUITests;
			productName = SuperCoolUITests;
			productReference = 240AF9021CA01B16008C1802 /* SuperCoolUITests.xctest */;
			productType = "com.apple.product-type.bundle.ui-testing";
		};
/* End PBXNativeTarget section */

/* Begin PBXProject section */
		240AF8DB1CA01B16008C1802 /* Project object */ = {
			isa = PBXProject;
			attributes = {
				LastSwiftUpdateCheck = 0730;
				LastUpgradeCheck = 0730;
				ORGANIZATIONNAME = Jesper;
				TargetAttributes = {
					240AF8E21CA01B16008C1802 = {
						CreatedOnToolsVersion = 7.3;
					};
					240AF8F61CA01B16008C1802 = {
						CreatedOnToolsVersion = 7.3;
						TestTargetID = 240AF8E21CA01B16008C1802;
					};
					240AF9011CA01B16008C1802 = {
						CreatedOnToolsVersion = 7.3;
						TestTargetID = 240AF8E21CA01B16008C1802;
					};
				};
			};
			buildConfigurationList = 240AF8DE1CA01B16008C1802 /* Build configuration list for PBXProject "SuperCool" */;
			compatibilityVersion = "Xcode 3.2";
			developmentRegion = English;
			hasScannedForEncodings = 0;
			knownRegions = (
				en,
				Base,
			);
			mainGroup = 240AF8DA1CA01B16008C1802;
			productRefGroup = 240AF8E41CA01B16008C1802 /* Products */;
			projectDirPath = "";
			projectRoot = "";
			targets = (
				240AF8E21CA01B16008C1802 /* SuperCool */,
				240AF8F61CA01B16008C1802 /* SuperCoolTests */,
				240AF9011CA01B16008C1802 /* SuperCoolUITests */,
			);
		};
/* End PBXProject section */

/* Begin PBXResourcesBuildPhase section */
		240AF8E11CA01B16008C1802 /* Resources */ = {
			isa = PBXResourcesBuildPhase;
			buildActionMask = 2147483647;
			files = (
				240AF8F11CA01B16008C1802 /* LaunchScreen.storyboard in Resources */,
				240AF8EE1CA01B16008C1802 /* Assets.xcassets in Resources */,
				240AF8EC1CA01B16008C1802 /* Main.storyboard in Resources */,
			);
			runOnlyForDeploymentPostprocessing = 0;
		};
		240AF8F51CA01B16008C1802 /* Resources */ = {
			isa = PBXResourcesBuildPhase;
			buildActionMask = 2147483647;
			files = (
			);
			runOnlyForDeploymentPostprocessing = 0;
		};
		240AF9001CA01B16008C1802 /* Resources */ = {
			isa = PBXResourcesBuildPhase;
			buildActionMask = 2147483647;
			files = (
			);
			runOnlyForDeploymentPostprocessing = 0;
		};
/* End PBXResourcesBuildPhase section */

/* Begin PBXSourcesBuildPhase section */
		240AF8DF1CA01B16008C1802 /* Sources */ = {
			isa = PBXSourcesBuildPhase;
			buildActionMask = 2147483647;
			files = (
				240AF8E91CA01B16008C1802 /* ViewController.swift in Sources */,
				240AF8E71CA01B16008C1802 /* AppDelegate.swift in Sources */,
			);
			runOnlyForDeploymentPostprocessing = 0;
		};
		240AF8F31CA01B16008C1802 /* Sources */ = {
			isa = PBXSourcesBuildPhase;
			buildActionMask = 2147483647;
			files = (
				240AF8FC1CA01B16008C1802 /* SuperCoolTests.swift in Sources */,
			);
			runOnlyForDeploymentPostprocessing = 0;
		};
		240AF8FE1CA01B16008C1802 /* Sources */ = {
			isa = PBXSourcesBuildPhase;
			buildActionMask = 2147483647;
			files = (
				240AF9071CA01B16008C1802 /* SuperCoolUITests.swift in Sources */,
			);
			runOnlyForDeploymentPostprocessing = 0;
		};
/* End PBXSourcesBuildPhase section */

/* Begin PBXTargetDependency section */
		240AF8F91CA01B16008C1802 /* PBXTargetDependency */ = {
			isa = PBXTargetDependency;
			target = 240AF8E21CA01B16008C1802 /* SuperCool */;
			targetProxy = 240AF8F81CA01B16008C1802 /* PBXContainerItemProxy */;
		};
		240AF9041CA01B16008C1802 /* PBXTargetDependency */ = {
			isa = PBXTargetDependency;
			target = 240AF8E21CA01B16008C1802 /* SuperCool */;
			targetProxy = 240AF9031CA01B16008C1802 /* PBXContainerItemProxy */;
		};
/* End PBXTargetDependency section */

/* Begin PBXVariantGroup section */
		240AF8EA1CA01B16008C1802 /* Main.storyboard */ = {
			isa = PBXVariantGroup;
			children = (
				240AF8EB1CA01B16008C1802 /* Base */,
			);
			name = Main.storyboard;
			sourceTree = "<group>";
		};
		240AF8EF1CA01B16008C1802 /* LaunchScreen.storyboard */ = {
			isa = PBXVariantGroup;
			children = (
				240AF8F01CA01B16008C1802 /* Base */,
			);
			name = LaunchScreen.storyboard;
			sourceTree = "<group>";
		};
/* End PBXVariantGroup section */

/* Begin XCBuildConfiguration section */
		240AF9091CA01B16008C1802 /* Debug */ = {
			isa = XCBuildConfiguration;
			buildSettings = {
				ALWAYS_SEARCH_USER_PATHS = NO;
				CLANG_ANALYZER_NONNULL = YES;
				CLANG_CXX_LANGUAGE_STANDARD = "gnu++0x";
				CLANG_CXX_LIBRARY = "libc++";
				CLANG_ENABLE_MODULES = YES;
				CLANG_ENABLE_OBJC_ARC = YES;
				CLANG_WARN_BOOL_CONVERSION = YES;
				CLANG_WARN_CONSTANT_CONVERSION = YES;
				CLANG_WARN_DIRECT_OBJC_ISA_USAGE = YES_ERROR;
				CLANG_WARN_EMPTY_BODY = YES;
				CLANG_WARN_ENUM_CONVERSION = YES;
				CLANG_WARN_INT_CONVERSION = YES;
				CLANG_WARN_OBJC_ROOT_CLASS = YES_ERROR;
				CLANG_WARN_UNREACHABLE_CODE = YES;
				CLANG_WARN__DUPLICATE_METHOD_MATCH = YES;
				"CODE_SIGN_IDENTITY[sdk=iphoneos*]" = "iPhone Developer";
				COPY_PHASE_STRIP = NO;
				DEBUG_INFORMATION_FORMAT = dwarf;
				ENABLE_STRICT_OBJC_MSGSEND = YES;
				ENABLE_TESTABILITY = YES;
				GCC_C_LANGUAGE_STANDARD = gnu99;
				GCC_DYNAMIC_NO_PIC = NO;
				GCC_NO_COMMON_BLOCKS = YES;
				GCC_OPTIMIZATION_LEVEL = 0;
				GCC_PREPROCESSOR_DEFINITIONS = (
					"DEBUG=1",
					"$(inherited)",
				);
				GCC_WARN_64_TO_32_BIT_CONVERSION = YES;
				GCC_WARN_ABOUT_RETURN_TYPE = YES_ERROR;
				GCC_WARN_UNDECLARED_SELECTOR = YES;
				GCC_WARN_UNINITIALIZED_AUTOS = YES_AGGRESSIVE;
				GCC_WARN_UNUSED_FUNCTION = YES;
				GCC_WARN_UNUSED_VARIABLE = YES;
				IPHONEOS_DEPLOYMENT_TARGET = 9.3;
				MTL_ENABLE_DEBUG_INFO = YES;
				ONLY_ACTIVE_ARCH = YES;
				SDKROOT = iphoneos;
				SWIFT_OPTIMIZATION_LEVEL = "-Onone";
			};
			name = Debug;
		};
		240AF90A1CA01B16008C1802 /* Release */ = {
			isa = XCBuildConfiguration;
			buildSettings = {
				ALWAYS_SEARCH_USER_PATHS = NO;
				CLANG_ANALYZER_NONNULL = YES;
				CLANG_CXX_LANGUAGE_STANDARD = "gnu++0x";
				CLANG_CXX_LIBRARY = "libc++";
				CLANG_ENABLE_MODULES = YES;
				CLANG_ENABLE_OBJC_ARC = YES;
				CLANG_WARN_BOOL_CONVERSION = YES;
				CLANG_WARN_CONSTANT_CONVERSION = YES;
				CLANG_WARN_DIRECT_OBJC_ISA_USAGE = YES_ERROR;
				CLANG_WARN_EMPTY_BODY = YES;
				CLANG_WARN_ENUM_CONVERSION = YES;
				CLANG_WARN_INT_CONVERSION = YES;
				CLANG_WARN_OBJC_ROOT_CLASS = YES_ERROR;
				CLANG_WARN_UNREACHABLE_CODE = YES;
				CLANG_WARN__DUPLICATE_METHOD_MATCH = YES;
				"CODE_SIGN_IDENTITY[sdk=iphoneos*]" = "iPhone Developer";
				COPY_PHASE_STRIP = NO;
				DEBUG_INFORMATION_FORMAT = "dwarf-with-dsym";
				ENABLE_NS_ASSERTIONS = NO;
				ENABLE_STRICT_OBJC_MSGSEND = YES;
				GCC_C_LANGUAGE_STANDARD = gnu99;
				GCC_NO_COMMON_BLOCKS = YES;
				GCC_WARN_64_TO_32_BIT_CONVERSION = YES;
				GCC_WARN_ABOUT_RETURN_TYPE = YES_ERROR;
				GCC_WARN_UNDECLARED_SELECTOR = YES;
				GCC_WARN_UNINITIALIZED_AUTOS = YES_AGGRESSIVE;
				GCC_WARN_UNUSED_FUNCTION = YES;
				GCC_WARN_UNUSED_VARIABLE = YES;
				IPHONEOS_DEPLOYMENT_TARGET = 9.3;
				MTL_ENABLE_DEBUG_INFO = NO;
				SDKROOT = iphoneos;
				VALIDATE_PRODUCT = YES;
			};
			name = Release;
		};
		240AF90C1CA01B16008C1802 /* Debug */ = {
			isa = XCBuildConfiguration;
			buildSettings = {
				ASSETCATALOG_COMPILER_APPICON_NAME = AppIcon;
				INFOPLIST_FILE = SuperCool/Info.plist;
				LD_RUNPATH_SEARCH_PATHS = "$(inherited) @executable_path/Frameworks";
				PRODUCT_BUNDLE_IDENTIFIER = Jesper.SuperCool;
				PRODUCT_NAME = "$(TARGET_NAME)";
			};
			name = Debug;
		};
		240AF90D1CA01B16008C1802 /* Release */ = {
			isa = XCBuildConfiguration;
			buildSettings = {
				ASSETCATALOG_COMPILER_APPICON_NAME = AppIcon;
				INFOPLIST_FILE = SuperCool/Info.plist;
				LD_RUNPATH_SEARCH_PATHS = "$(inherited) @executable_path/Frameworks";
				PRODUCT_BUNDLE_IDENTIFIER = Jesper.SuperCool;
				PRODUCT_NAME = "$(TARGET_NAME)";
			};
			name = Release;
		};
		240AF90F1CA01B16008C1802 /* Debug */ = {
			isa = XCBuildConfiguration;
			buildSettings = {
				BUNDLE_LOADER = "$(TEST_HOST)";
				INFOPLIST_FILE = SuperCoolTests/Info.plist;
				LD_RUNPATH_SEARCH_PATHS = "$(inherited) @executable_path/Frameworks @loader_path/Frameworks";
				PRODUCT_BUNDLE_IDENTIFIER = Jesper.SuperCoolTests;
				PRODUCT_NAME = "$(TARGET_NAME)";
				TEST_HOST = "$(BUILT_PRODUCTS_DIR)/SuperCool.app/SuperCool";
			};
			name = Debug;
		};
		240AF9101CA01B16008C1802 /* Release */ = {
			isa = XCBuildConfiguration;
			buildSettings = {
				BUNDLE_LOADER = "$(TEST_HOST)";
				INFOPLIST_FILE = SuperCoolTests/Info.plist;
				LD_RUNPATH_SEARCH_PATHS = "$(inherited) @executable_path/Frameworks @loader_path/Frameworks";
				PRODUCT_BUNDLE_IDENTIFIER = Jesper.SuperCoolTests;
				PRODUCT_NAME = "$(TARGET_NAME)";
				TEST_HOST = "$(BUILT_PRODUCTS_DIR)/SuperCool.app/SuperCool";
			};
			name = Release;
		};
		240AF9121CA01B16008C1802 /* Debug */ = {
			isa = XCBuildConfiguration;
			buildSettings = {
				INFOPLIST_FILE = SuperCoolUITests/Info.plist;
				LD_RUNPATH_SEARCH_PATHS = "$(inherited) @executable_path/Frameworks @loader_path/Frameworks";
				PRODUCT_BUNDLE_IDENTIFIER = Jesper.SuperCoolUITests;
				PRODUCT_NAME = "$(TARGET_NAME)";
				TEST_TARGET_NAME = SuperCool;
			};
			name = Debug;
		};
		240AF9131CA01B16008C1802 /* Release */ = {
			isa = XCBuildConfiguration;
			buildSettings = {
				INFOPLIST_FILE = SuperCoolUITests/Info.plist;
				LD_RUNPATH_SEARCH_PATHS = "$(inherited) @executable_path/Frameworks @loader_path/Frameworks";
				PRODUCT_BUNDLE_IDENTIFIER = Jesper.SuperCoolUITests;
				PRODUCT_NAME = "$(TARGET_NAME)";
				TEST_TARGET_NAME = SuperCool;
			};
			name = Release;
		};
/* End XCBuildConfiguration section */

/* Begin XCConfigurationList section */
		240AF8DE1CA01B16008C1802 /* Build configuration list for PBXProject "SuperCool" */ = {
			isa = XCConfigurationList;
			buildConfigurations = (
				240AF9091CA01B16008C1802 /* Debug */,
				240AF90A1CA01B16008C1802 /* Release */,
			);
			defaultConfigurationIsVisible = 0;
			defaultConfigurationName = Release;
		};
		240AF90B1CA01B16008C1802 /* Build configuration list for PBXNativeTarget "SuperCool" */ = {
			isa = XCConfigurationList;
			buildConfigurations = (
				240AF90C1CA01B16008C1802 /* Debug */,
				240AF90D1CA01B16008C1802 /* Release */,
			);
			defaultConfigurationIsVisible = 0;
		};
		240AF90E1CA01B16008C1802 /* Build configuration list for PBXNativeTarget "SuperCoolTests" */ = {
			isa = XCConfigurationList;
			buildConfigurations = (
				240AF90F1CA01B16008C1802 /* Debug */,
				240AF9101CA01B16008C1802 /* Release */,
			);
			defaultConfigurationIsVisible = 0;
		};
		240AF9111CA01B16008C1802 /* Build configuration list for PBXNativeTarget "SuperCoolUITests" */ = {
			isa = XCConfigurationList;
			buildConfigurations = (
				240AF9121CA01B16008C1802 /* Debug */,
				240AF9131CA01B16008C1802 /* Release */,
			);
			defaultConfigurationIsVisible = 0;
		};
/* End XCConfigurationList section */
	};
	rootObject = 240AF8DB1CA01B16008C1802 /* Project object */;
}
